# This file was autogenerated by Stack.
# You should not edit this file by hand.
# For more information, please see the documentation at:
#   https://docs.haskellstack.org/en/stable/lock_files

packages:
- completed:
    hackage: HaskellForMaths-0.4.8@sha256:454b5168926a7b3a4166c203e5af24bf41a539bb60fd49846e27db2e68f18ae0,4342
    pantry-tree:
      size: 6673
      sha256: 69a8c5692528b21e8dddc711d48f5fae18a7f975b4e52e01c15a552fdf388d18
  original:
    hackage: HaskellForMaths-0.4.8
- completed:
    hackage: bimap-0.3.3@sha256:232518c0410990665b9c8677eb9318ee355c001d58945ddcbedec3baa30b4160,1475
    pantry-tree:
      size: 414
      sha256: 5c7485014c2f342d215ace99cd06361f7607169aebe8d4aca2f265fa5c3c6761
  original:
    hackage: bimap-0.3.3
snapshots:
- completed:
    size: 536352
    url: https://raw.githubusercontent.com/commercialhaskell/stackage-snapshots/master/lts/9/14.yaml
    sha256: 9e880f85f76b7f35a2b6edd1af333ce7f7845d47e897c3509ddd18eaa2763779
  original: lts-9.14
